{
  "nodes": {
    "algotex": {
      "inputs": {
        "nixpkgs": [
          "nixpkgs"
        ],
        "tuda-logo": "tuda-logo"
      },
      "locked": {
        "lastModified": 1743352246,
        "narHash": "sha256-X77ByMWTNPNxuLkwaoOZlLX4rN7/BQpLYMUfDR6iRAE=",
        "owner": "alexstaeding",
        "repo": "AlgoTeX",
        "rev": "b14ec99acb357f4663649671eb04bd1d349a07eb",
        "type": "github"
      },
      "original": {
        "owner": "alexstaeding",
        "ref": "fix/flake",
        "repo": "AlgoTeX",
        "type": "github"
      }
    },
    "crane": {
      "locked": {
        "lastModified": 1769737823,
        "narHash": "sha256-DrBaNpZ+sJ4stXm+0nBX7zqZT9t9P22zbk6m5YhQxS4=",
        "owner": "ipetkov",
        "repo": "crane",
        "rev": "b2f45c3830aa96b7456a4c4bc327d04d7a43e1ba",
        "type": "github"
      },
      "original": {
        "owner": "ipetkov",
        "repo": "crane",
        "type": "github"
      }
    },
    "flake-parts": {
      "inputs": {
        "nixpkgs-lib": "nixpkgs-lib"
      },
      "locked": {
        "lastModified": 1778716662,
        "narHash": "sha256-m1Yf0wZ8j1OHjTc2UwHwyQRSnNeSgLJOd7q5Y45hzi4=",
        "owner": "hercules-ci",
        "repo": "flake-parts",
        "rev": "f7c1a2d347e4c52d5fb8d10cb4d94b5884e546fb",
        "type": "github"
      },
      "original": {
        "owner": "hercules-ci",
        "repo": "flake-parts",
        "type": "github"
      }
    },
    "flake-parts_2": {
      "inputs": {
        "nixpkgs-lib": "nixpkgs-lib_2"
      },
      "locked": {
        "lastModified": 1769996383,
        "narHash": "sha256-AnYjnFWgS49RlqX7LrC4uA+sCCDBj0Ry/WOJ5XWAsa0=",
        "owner": "hercules-ci",
        "repo": "flake-parts",
        "rev": "57928607ea566b5db3ad13af0e57e921e6b12381",
        "type": "github"
      },
      "original": {
        "owner": "hercules-ci",
        "repo": "flake-parts",
        "type": "github"
      }
    },
    "home-manager": {
      "inputs": {
        "nixpkgs": [
          "nixpkgs"
        ]
      },
      "locked": {
        "lastModified": 1779726696,
        "narHash": "sha256-/p37CB5n6Wpw250b0Lq0CYwNq2D8uGKzDoBulyLcQqA=",
        "owner": "nix-community",
        "repo": "home-manager",
        "rev": "1a95e2efb477959b70b4a14c51035975c0481df6",
        "type": "github"
      },
      "original": {
        "owner": "nix-community",
        "repo": "home-manager",
        "type": "github"
      }
    },
    "import-tree": {
      "locked": {
        "lastModified": 1778781969,
        "narHash": "sha256-Jjuz5CmSkur8KvLDoGa+vylEp+RkQtv4mt/qcMznpH0=",
        "owner": "vic",
        "repo": "import-tree",
        "rev": "d321337efd0f23a9eb14a42adb7b2c29313ab274",
        "type": "github"
      },
      "original": {
        "owner": "vic",
        "repo": "import-tree",
        "type": "github"
      }
    },
    "nix-darwin": {
      "inputs": {
        "nixpkgs": [
          "nixpkgs"
        ]
      },
      "locked": {
        "lastModified": 1779036909,
        "narHash": "sha256-zXcwYQGCT6pzinK+1dBB2ekTVtfxGZAapb3Evdcu4fY=",
        "owner": "LnL7",
        "repo": "nix-darwin",
        "rev": "56c666e108467d87d13508936aade6d567f2a501",
        "type": "github"
      },
      "original": {
        "owner": "LnL7",
        "repo": "nix-darwin",
        "type": "github"
      }
    },
    "nixCats": {
      "locked": {
        "lastModified": 1777273601,
        "narHash": "sha256-xBUa8Tl9V7IXI+VmLEuDc81La/EhoSn1C3EVSnJ3cfU=",
        "owner": "BirdeeHub",
        "repo": "nixCats-nvim",
        "rev": "f69ea013e328841a7def7037ed59788a76be8816",
        "type": "github"
      },
      "original": {
        "owner": "BirdeeHub",
        "repo": "nixCats-nvim",
        "type": "github"
      }
    },
    "nixpkgs": {
      "locked": {
        "lastModified": 1779560665,
        "narHash": "sha256-tpyBcxPpcQb8ukyNF7DoCwfSY3VPsxHoYwj00Cayv5o=",
        "owner": "NixOS",
        "repo": "nixpkgs",
        "rev": "64c08a7ca051951c8eae34e3e3cb1e202fe36786",
        "type": "github"
      },
      "original": {
        "owner": "NixOS",
        "ref": "nixos-unstable",
        "repo": "nixpkgs",
        "type": "github"
      }
    },
    "nixpkgs-lib": {
      "locked": {
        "lastModified": 1777168982,
        "narHash": "sha256-GOkGPcboWE9BmGCRMLX3worL4EMnsnG8MyKmXNeYuhQ=",
        "owner": "nix-community",
        "repo": "nixpkgs.lib",
        "rev": "f5901329dade4a6ea039af1433fb087bd9c1fe14",
        "type": "github"
      },
      "original": {
        "owner": "nix-community",
        "repo": "nixpkgs.lib",
        "type": "github"
      }
    },
    "nixpkgs-lib_2": {
      "locked": {
        "lastModified": 1769909678,
        "narHash": "sha256-cBEymOf4/o3FD5AZnzC3J9hLbiZ+QDT/KDuyHXVJOpM=",
        "owner": "nix-community",
        "repo": "nixpkgs.lib",
        "rev": "72716169fe93074c333e8d0173151350670b824c",
        "type": "github"
      },
      "original": {
        "owner": "nix-community",
        "repo": "nixpkgs.lib",
        "type": "github"
      }
    },
    "plasma-manager": {
      "inputs": {
        "home-manager": [
          "home-manager"
        ],
        "nixpkgs": [
          "nixpkgs"
        ]
      },
      "locked": {
        "lastModified": 1775856943,
        "narHash": "sha256-b7Mp7P+q2Md5AGt4rjHfMcBykzMumFTen10ST++AuTU=",
        "owner": "nix-community",
        "repo": "plasma-manager",
        "rev": "a524a6160e6df89f7673ba293cf7d78b559eb1a5",
        "type": "github"
      },
      "original": {
        "owner": "nix-community",
        "repo": "plasma-manager",
        "type": "github"
      }
    },
    "root": {
      "inputs": {
        "algotex": "algotex",
        "flake-parts": "flake-parts",
        "home-manager": "home-manager",
        "import-tree": "import-tree",
        "nix-darwin": "nix-darwin",
        "nixCats": "nixCats",
        "nixpkgs": "nixpkgs",
        "plasma-manager": "plasma-manager",
        "zed": "zed"
      }
    },
    "rust-overlay": {
      "inputs": {
        "nixpkgs": [
          "zed",
          "nixpkgs"
        ]
      },
      "locked": {
        "lastModified": 1777346187,
        "narHash": "sha256-oVxyGjpiIsrXhWTJVUOs38fZQkLjd0nZGOY9K7Kfot8=",
        "owner": "oxalica",
        "repo": "rust-overlay",
        "rev": "146e7bf7569b8288f24d41d806b9f584f7cfd5b5",
        "type": "github"
      },
      "original": {
        "owner": "oxalica",
        "repo": "rust-overlay",
        "type": "github"
      }
    },
    "tuda-logo": {
      "flake": false,
      "locked": {
        "narHash": "sha256-F/1F1yQbDhyXKXqeWZFFVB/tLWoSuVSbEgFolQrrSoM=",
        "type": "file",
        "url": "https://upload.wikimedia.org/wikipedia/de/2/24/TU_Darmstadt_Logo.svg"
      },
      "original": {
        "type": "file",
        "url": "https://upload.wikimedia.org/wikipedia/de/2/24/TU_Darmstadt_Logo.svg"
      }
    },
    "zed": {
      "inputs": {
        "crane": "crane",
        "flake-parts": "flake-parts_2",
        "nixpkgs": [
          "nixpkgs"
        ],
        "rust-overlay": "rust-overlay"
      },
      "locked": {
        "lastModified": 1779856766,
        "narHash": "sha256-Uv+lgJ54zyw0X5mLg2Bl0706TVMc2GSc/U9TZFvYKlo=",
        "owner": "zed-industries",
        "repo": "zed",
        "rev": "e25458243bb5f3522fd56c12d16d145e44395053",
        "type": "github"
      },
      "original": {
        "owner": "zed-industries",
        "repo": "zed",
        "type": "github"
      }
    }
  },
  "root": "root",
  "version": 7
}
