{
  "nodes": {
    "algotex": {
      "inputs": {
        "nixpkgs": [
          "nixpkgs"
        ],
        "tuda-logo": "tuda-logo"
      },
      "locked": {
        "lastModified": 1743352246,
        "narHash": "sha256-X77ByMWTNPNxuLkwaoOZlLX4rN7/BQpLYMUfDR6iRAE=",
        "owner": "alexstaeding",
        "repo": "AlgoTeX",
        "rev": "b14ec99acb357f4663649671eb04bd1d349a07eb",
        "type": "github"
      },
      "original": {
        "owner": "alexstaeding",
        "ref": "fix/flake",
        "repo": "AlgoTeX",
        "type": "github"
      }
    },
    "crane": {
      "locked": {
        "lastModified": 1769737823,
        "narHash": "sha256-DrBaNpZ+sJ4stXm+0nBX7zqZT9t9P22zbk6m5YhQxS4=",
        "owner": "ipetkov",
        "repo": "crane",
        "rev": "b2f45c3830aa96b7456a4c4bc327d04d7a43e1ba",
        "type": "github"
      },
      "original": {
        "owner": "ipetkov",
        "repo": "crane",
        "type": "github"
      }
    },
    "disko": {
      "inputs": {
        "nixpkgs": [
          "nixpkgs"
        ]
      },
      "locked": {
        "lastModified": 1781152676,
        "narHash": "sha256-RxWs5ND31KzTG7wvMM+PMfUjyNpmIEr999lqNARaM5o=",
        "owner": "nix-community",
        "repo": "disko",
        "rev": "ff8702b4de27f72b4c78573dfb89ec74e36abdf1",
        "type": "github"
      },
      "original": {
        "owner": "nix-community",
        "repo": "disko",
        "type": "github"
      }
    },
    "flake-parts": {
      "inputs": {
        "nixpkgs-lib": "nixpkgs-lib"
      },
      "locked": {
        "lastModified": 1782949081,
        "narHash": "sha256-vp6Y/Grm98ESt6ceOkWiHWyZRDV3J1RID4w+6NWK9yA=",
        "owner": "hercules-ci",
        "repo": "flake-parts",
        "rev": "17c9d6cdfc60c64f4ee8d306f9bc0b4ccb51481e",
        "type": "github"
      },
      "original": {
        "owner": "hercules-ci",
        "repo": "flake-parts",
        "type": "github"
      }
    },
    "flake-parts_2": {
      "inputs": {
        "nixpkgs-lib": "nixpkgs-lib_2"
      },
      "locked": {
        "lastModified": 1769996383,
        "narHash": "sha256-AnYjnFWgS49RlqX7LrC4uA+sCCDBj0Ry/WOJ5XWAsa0=",
        "owner": "hercules-ci",
        "repo": "flake-parts",
        "rev": "57928607ea566b5db3ad13af0e57e921e6b12381",
        "type": "github"
      },
      "original": {
        "owner": "hercules-ci",
        "repo": "flake-parts",
        "type": "github"
      }
    },
    "home-manager": {
      "inputs": {
        "nixpkgs": [
          "nixpkgs"
        ]
      },
      "locked": {
        "lastModified": 1784407317,
        "narHash": "sha256-iZrxHToDJWnvt+5LGAtvuQMTy1NZYlNEKbKaVtBJNcc=",
        "owner": "nix-community",
        "repo": "home-manager",
        "rev": "39411a8e12a5526d992e65bc7e3dc9a4414d6713",
        "type": "github"
      },
      "original": {
        "owner": "nix-community",
        "repo": "home-manager",
        "type": "github"
      }
    },
    "import-tree": {
      "locked": {
        "lastModified": 1784254960,
        "narHash": "sha256-iI88R3wHz8wTKQb5orvpc51L/Xr64AJyxid/0MKa/b8=",
        "owner": "vic",
        "repo": "import-tree",
        "rev": "4ebb10ae17d5f1ad366e7aef5b92cb8eecf24f69",
        "type": "github"
      },
      "original": {
        "owner": "vic",
        "repo": "import-tree",
        "type": "github"
      }
    },
    "nix-darwin": {
      "inputs": {
        "nixpkgs": [
          "nixpkgs"
        ]
      },
      "locked": {
        "lastModified": 1784362797,
        "narHash": "sha256-EP9b9b+OXDxHBPefFwMYCIaLq0fn3UkmrbfzbLUT7kQ=",
        "owner": "LnL7",
        "repo": "nix-darwin",
        "rev": "b4cccbd4bc299c1f71ae185b79c3cf99aa82805c",
        "type": "github"
      },
      "original": {
        "owner": "LnL7",
        "repo": "nix-darwin",
        "type": "github"
      }
    },
    "nixCats": {
      "locked": {
        "lastModified": 1777273601,
        "narHash": "sha256-xBUa8Tl9V7IXI+VmLEuDc81La/EhoSn1C3EVSnJ3cfU=",
        "owner": "BirdeeHub",
        "repo": "nixCats-nvim",
        "rev": "f69ea013e328841a7def7037ed59788a76be8816",
        "type": "github"
      },
      "original": {
        "owner": "BirdeeHub",
        "repo": "nixCats-nvim",
        "type": "github"
      }
    },
    "nixpkgs": {
      "locked": {
        "lastModified": 1784356753,
        "narHash": "sha256-12KrbMiWLcf8m7pCvAtZh1ZrgF85ZXDXvfR/fWTKy84=",
        "owner": "NixOS",
        "repo": "nixpkgs",
        "rev": "61b7c44c4073f0b827768aff0049561b5110ea5a",
        "type": "github"
      },
      "original": {
        "owner": "NixOS",
        "ref": "nixos-unstable",
        "repo": "nixpkgs",
        "type": "github"
      }
    },
    "nixpkgs-lib": {
      "locked": {
        "lastModified": 1782614948,
        "narHash": "sha256-ePjCwr1sNm9NYUqywL7QfK3JnlS015msC+eBu2zKlp8=",
        "owner": "nix-community",
        "repo": "nixpkgs.lib",
        "rev": "db3f255737b94216eb71cce308e2912cf6bc2d7c",
        "type": "github"
      },
      "original": {
        "owner": "nix-community",
        "repo": "nixpkgs.lib",
        "type": "github"
      }
    },
    "nixpkgs-lib_2": {
      "locked": {
        "lastModified": 1769909678,
        "narHash": "sha256-cBEymOf4/o3FD5AZnzC3J9hLbiZ+QDT/KDuyHXVJOpM=",
        "owner": "nix-community",
        "repo": "nixpkgs.lib",
        "rev": "72716169fe93074c333e8d0173151350670b824c",
        "type": "github"
      },
      "original": {
        "owner": "nix-community",
        "repo": "nixpkgs.lib",
        "type": "github"
      }
    },
    "plasma-manager": {
      "inputs": {
        "home-manager": [
          "home-manager"
        ],
        "nixpkgs": [
          "nixpkgs"
        ]
      },
      "locked": {
        "lastModified": 1783574839,
        "narHash": "sha256-ICof1tV4/9XheBLBGf7dhMhfMq4dOs1zwTHrr7zGFlA=",
        "owner": "nix-community",
        "repo": "plasma-manager",
        "rev": "c551f0687658e4bb699cfff6015436ad7ee57a0d",
        "type": "github"
      },
      "original": {
        "owner": "nix-community",
        "repo": "plasma-manager",
        "type": "github"
      }
    },
    "root": {
      "inputs": {
        "algotex": "algotex",
        "disko": "disko",
        "flake-parts": "flake-parts",
        "home-manager": "home-manager",
        "import-tree": "import-tree",
        "nix-darwin": "nix-darwin",
        "nixCats": "nixCats",
        "nixpkgs": "nixpkgs",
        "plasma-manager": "plasma-manager",
        "zed": "zed"
      }
    },
    "rust-overlay": {
      "inputs": {
        "nixpkgs": [
          "zed",
          "nixpkgs"
        ]
      },
      "locked": {
        "lastModified": 1777346187,
        "narHash": "sha256-oVxyGjpiIsrXhWTJVUOs38fZQkLjd0nZGOY9K7Kfot8=",
        "owner": "oxalica",
        "repo": "rust-overlay",
        "rev": "146e7bf7569b8288f24d41d806b9f584f7cfd5b5",
        "type": "github"
      },
      "original": {
        "owner": "oxalica",
        "repo": "rust-overlay",
        "type": "github"
      }
    },
    "tuda-logo": {
      "flake": false,
      "locked": {
        "narHash": "sha256-F/1F1yQbDhyXKXqeWZFFVB/tLWoSuVSbEgFolQrrSoM=",
        "type": "file",
        "url": "https://upload.wikimedia.org/wikipedia/de/2/24/TU_Darmstadt_Logo.svg"
      },
      "original": {
        "type": "file",
        "url": "https://upload.wikimedia.org/wikipedia/de/2/24/TU_Darmstadt_Logo.svg"
      }
    },
    "zed": {
      "inputs": {
        "crane": "crane",
        "flake-parts": "flake-parts_2",
        "nixpkgs": [
          "nixpkgs"
        ],
        "rust-overlay": "rust-overlay"
      },
      "locked": {
        "lastModified": 1784414455,
        "narHash": "sha256-FJLAMZSb56UVIPI8sVsK5rWFtzBt5W/e4m4tr4/w73c=",
        "owner": "zed-industries",
        "repo": "zed",
        "rev": "f032f4d433da3747f9d7bcc9e9cd52d6ca3fb3e4",
        "type": "github"
      },
      "original": {
        "owner": "zed-industries",
        "repo": "zed",
        "type": "github"
      }
    }
  },
  "root": "root",
  "version": 7
}
